
Microsoft Visual Studio Solution File, Format Version 12.00
# Visual Studio Version 17
VisualStudioVersion = 17.6.33801.468
MinimumVisualStudioVersion = 10.0.40219.1
Project("{9A19103F-16F7-4668-BE54-9A1E7A4F7556}") = "SanthuHospital", "SanthuHospital.csproj", "{6E081E9E-D010-4FA1-AC7F-931490132F24}"
EndProject
Global
	GlobalSection(SolutionConfigurationPlatforms) = preSolution
		Debug|Any CPU = Debug|Any CPU
		Release|Any CPU = Release|Any CPU
	EndGlobalSection
	GlobalSection(ProjectConfigurationPlatforms) = postSolution
		{6E081E9E-D010-4FA1-AC7F-931490132F24}.Debug|Any CPU.ActiveCfg = Debug|Any CPU
		{6E081E9E-D010-4FA1-AC7F-931490132F24}.Debug|Any CPU.Build.0 = Debug|Any CPU
		{6E081E9E-D010-4FA1-AC7F-931490132F24}.Release|Any CPU.ActiveCfg = Release|Any CPU
		{6E081E9E-D010-4FA1-AC7F-931490132F24}.Release|Any CPU.Build.0 = Release|Any CPU
	EndGlobalSection
	GlobalSection(SolutionProperties) = preSolution
		HideSolutionNode = FALSE
	EndGlobalSection
	GlobalSection(ExtensibilityGlobals) = postSolution
		SolutionGuid = {0CE941D7-FF23-4E3A-9B19-FDD2CBC9F989}
	EndGlobalSection
EndGlobal
